
Microsoft Visual Studio Solution File, Format Version 12.00
# Visual Studio Version 16
VisualStudioVersion = 16.0.30011.22
MinimumVisualStudioVersion = 10.0.40219.1
Project("{FAE04EC0-301F-11D3-BF4B-00C04F79EFBC}") = "myStudentApp", "myStudentApp.csproj", "{06BCD0F7-2541-4138-BD34-50B23354DE0C}"
EndProject
Global
	GlobalSection(SolutionConfigurationPlatforms) = preSolution
		Debug|Any CPU = Debug|Any CPU
		Release|Any CPU = Release|Any CPU
	EndGlobalSection
	GlobalSection(ProjectConfigurationPlatforms) = postSolution
		{06BCD0F7-2541-4138-BD34-50B23354DE0C}.Debug|Any CPU.ActiveCfg = Debug|Any CPU
		{06BCD0F7-2541-4138-BD34-50B23354DE0C}.Debug|Any CPU.Build.0 = Debug|Any CPU
		{06BCD0F7-2541-4138-BD34-50B23354DE0C}.Release|Any CPU.ActiveCfg = Release|Any CPU
		{06BCD0F7-2541-4138-BD34-50B23354DE0C}.Release|Any CPU.Build.0 = Release|Any CPU
	EndGlobalSection
	GlobalSection(SolutionProperties) = preSolution
		HideSolutionNode = FALSE
	EndGlobalSection
	GlobalSection(ExtensibilityGlobals) = postSolution
		SolutionGuid = {C0702E84-6005-4961-BFE8-A605CE7557BE}
	EndGlobalSection
EndGlobal
