
Microsoft Visual Studio Solution File, Format Version 12.00
# Visual Studio Version 17
VisualStudioVersion = 17.2.32616.157
MinimumVisualStudioVersion = 10.0.40219.1
Project("{FAE04EC0-301F-11D3-BF4B-00C04F79EFBC}") = "LoopsTryParseDemo", "LoopsTryParseDemo\LoopsTryParseDemo.csproj", "{13A5D730-B852-4BE6-A756-EFB8E5DA592B}"
EndProject
Global
	GlobalSection(SolutionConfigurationPlatforms) = preSolution
		Debug|Any CPU = Debug|Any CPU
		Release|Any CPU = Release|Any CPU
	EndGlobalSection
	GlobalSection(ProjectConfigurationPlatforms) = postSolution
		{13A5D730-B852-4BE6-A756-EFB8E5DA592B}.Debug|Any CPU.ActiveCfg = Debug|Any CPU
		{13A5D730-B852-4BE6-A756-EFB8E5DA592B}.Debug|Any CPU.Build.0 = Debug|Any CPU
		{13A5D730-B852-4BE6-A756-EFB8E5DA592B}.Release|Any CPU.ActiveCfg = Release|Any CPU
		{13A5D730-B852-4BE6-A756-EFB8E5DA592B}.Release|Any CPU.Build.0 = Release|Any CPU
	EndGlobalSection
	GlobalSection(SolutionProperties) = preSolution
		HideSolutionNode = FALSE
	EndGlobalSection
	GlobalSection(ExtensibilityGlobals) = postSolution
		SolutionGuid = {35D8D055-5B9C-464D-BB1D-EF4C7065568A}
	EndGlobalSection
EndGlobal
