
Microsoft Visual Studio Solution File, Format Version 12.00
# Visual Studio Version 16
VisualStudioVersion = 16.0.30011.22
MinimumVisualStudioVersion = 10.0.40219.1
Project("{FAE04EC0-301F-11D3-BF4B-00C04F79EFBC}") = "HelloWorldProgram", "HelloWorldProgram.csproj", "{F9281962-238C-438D-923C-3A84E6C43934}"
EndProject
Global
	GlobalSection(SolutionConfigurationPlatforms) = preSolution
		Debug|Any CPU = Debug|Any CPU
		Debug|x64 = Debug|x64
		Release|Any CPU = Release|Any CPU
		Release|x64 = Release|x64
	EndGlobalSection
	GlobalSection(ProjectConfigurationPlatforms) = postSolution
		{F9281962-238C-438D-923C-3A84E6C43934}.Debug|Any CPU.ActiveCfg = Debug|Any CPU
		{F9281962-238C-438D-923C-3A84E6C43934}.Debug|Any CPU.Build.0 = Debug|Any CPU
		{F9281962-238C-438D-923C-3A84E6C43934}.Debug|x64.ActiveCfg = Debug|Any CPU
		{F9281962-238C-438D-923C-3A84E6C43934}.Debug|x64.Build.0 = Debug|Any CPU
		{F9281962-238C-438D-923C-3A84E6C43934}.Release|Any CPU.ActiveCfg = Release|Any CPU
		{F9281962-238C-438D-923C-3A84E6C43934}.Release|Any CPU.Build.0 = Release|Any CPU
		{F9281962-238C-438D-923C-3A84E6C43934}.Release|x64.ActiveCfg = Release|Any CPU
		{F9281962-238C-438D-923C-3A84E6C43934}.Release|x64.Build.0 = Release|Any CPU
	EndGlobalSection
	GlobalSection(SolutionProperties) = preSolution
		HideSolutionNode = FALSE
	EndGlobalSection
	GlobalSection(ExtensibilityGlobals) = postSolution
		SolutionGuid = {AE21C8FF-7953-4050-9C0E-3B0FF4FC2A49}
	EndGlobalSection
EndGlobal
