
Microsoft Visual Studio Solution File, Format Version 12.00
# Visual Studio Version 16
VisualStudioVersion = 16.0.30011.22
MinimumVisualStudioVersion = 10.0.40219.1
Project("{FAE04EC0-301F-11D3-BF4B-00C04F79EFBC}") = "VariablesExample", "VariablesExample.csproj", "{3199448C-5B9A-405F-A701-68AF16D4AC39}"
EndProject
Global
	GlobalSection(SolutionConfigurationPlatforms) = preSolution
		Debug|Any CPU = Debug|Any CPU
		Release|Any CPU = Release|Any CPU
	EndGlobalSection
	GlobalSection(ProjectConfigurationPlatforms) = postSolution
		{3199448C-5B9A-405F-A701-68AF16D4AC39}.Debug|Any CPU.ActiveCfg = Debug|Any CPU
		{3199448C-5B9A-405F-A701-68AF16D4AC39}.Debug|Any CPU.Build.0 = Debug|Any CPU
		{3199448C-5B9A-405F-A701-68AF16D4AC39}.Release|Any CPU.ActiveCfg = Release|Any CPU
		{3199448C-5B9A-405F-A701-68AF16D4AC39}.Release|Any CPU.Build.0 = Release|Any CPU
	EndGlobalSection
	GlobalSection(SolutionProperties) = preSolution
		HideSolutionNode = FALSE
	EndGlobalSection
	GlobalSection(ExtensibilityGlobals) = postSolution
		SolutionGuid = {37A3F346-2BFD-4353-BA93-7DA7B76CC975}
	EndGlobalSection
EndGlobal
