
Microsoft Visual Studio Solution File, Format Version 12.00
# Visual Studio Version 16
VisualStudioVersion = 16.0.30011.22
MinimumVisualStudioVersion = 10.0.40219.1
Project("{FAE04EC0-301F-11D3-BF4B-00C04F79EFBC}") = "ForFun", "ForFun.csproj", "{F75B3DD2-D689-4363-8E76-3498EE671FCE}"
EndProject
Global
	GlobalSection(SolutionConfigurationPlatforms) = preSolution
		Debug|Any CPU = Debug|Any CPU
		Release|Any CPU = Release|Any CPU
	EndGlobalSection
	GlobalSection(ProjectConfigurationPlatforms) = postSolution
		{F75B3DD2-D689-4363-8E76-3498EE671FCE}.Debug|Any CPU.ActiveCfg = Debug|Any CPU
		{F75B3DD2-D689-4363-8E76-3498EE671FCE}.Debug|Any CPU.Build.0 = Debug|Any CPU
		{F75B3DD2-D689-4363-8E76-3498EE671FCE}.Release|Any CPU.ActiveCfg = Release|Any CPU
		{F75B3DD2-D689-4363-8E76-3498EE671FCE}.Release|Any CPU.Build.0 = Release|Any CPU
	EndGlobalSection
	GlobalSection(SolutionProperties) = preSolution
		HideSolutionNode = FALSE
	EndGlobalSection
	GlobalSection(ExtensibilityGlobals) = postSolution
		SolutionGuid = {4C61C6F7-B5AC-4B76-97A1-BD1D1FDA6662}
	EndGlobalSection
EndGlobal
