
Microsoft Visual Studio Solution File, Format Version 12.00
# Visual Studio Version 16
VisualStudioVersion = 16.0.30011.22
MinimumVisualStudioVersion = 10.0.40219.1
Project("{FAE04EC0-301F-11D3-BF4B-00C04F79EFBC}") = "MessageBoxWhile", "MessageBoxWhile.csproj", "{DB0FEBD7-F84C-4E07-B8D7-05A250527333}"
EndProject
Global
	GlobalSection(SolutionConfigurationPlatforms) = preSolution
		Debug|Any CPU = Debug|Any CPU
		Release|Any CPU = Release|Any CPU
	EndGlobalSection
	GlobalSection(ProjectConfigurationPlatforms) = postSolution
		{DB0FEBD7-F84C-4E07-B8D7-05A250527333}.Debug|Any CPU.ActiveCfg = Debug|Any CPU
		{DB0FEBD7-F84C-4E07-B8D7-05A250527333}.Debug|Any CPU.Build.0 = Debug|Any CPU
		{DB0FEBD7-F84C-4E07-B8D7-05A250527333}.Release|Any CPU.ActiveCfg = Release|Any CPU
		{DB0FEBD7-F84C-4E07-B8D7-05A250527333}.Release|Any CPU.Build.0 = Release|Any CPU
	EndGlobalSection
	GlobalSection(SolutionProperties) = preSolution
		HideSolutionNode = FALSE
	EndGlobalSection
	GlobalSection(ExtensibilityGlobals) = postSolution
		SolutionGuid = {2EE52D63-A305-4BC9-A890-5AC2C27343B5}
	EndGlobalSection
EndGlobal
