
Microsoft Visual Studio Solution File, Format Version 12.00
# Visual Studio Version 17
VisualStudioVersion = 17.2.32526.322
MinimumVisualStudioVersion = 10.0.40219.1
Project("{FAE04EC0-301F-11D3-BF4B-00C04F79EFBC}") = "SalesEmployee", "SalesEmployee\SalesEmployee.csproj", "{E62DF389-0689-4E9C-B8B0-214D0B70EFEF}"
EndProject
Global
	GlobalSection(SolutionConfigurationPlatforms) = preSolution
		Debug|Any CPU = Debug|Any CPU
		Release|Any CPU = Release|Any CPU
	EndGlobalSection
	GlobalSection(ProjectConfigurationPlatforms) = postSolution
		{E62DF389-0689-4E9C-B8B0-214D0B70EFEF}.Debug|Any CPU.ActiveCfg = Debug|Any CPU
		{E62DF389-0689-4E9C-B8B0-214D0B70EFEF}.Debug|Any CPU.Build.0 = Debug|Any CPU
		{E62DF389-0689-4E9C-B8B0-214D0B70EFEF}.Release|Any CPU.ActiveCfg = Release|Any CPU
		{E62DF389-0689-4E9C-B8B0-214D0B70EFEF}.Release|Any CPU.Build.0 = Release|Any CPU
	EndGlobalSection
	GlobalSection(SolutionProperties) = preSolution
		HideSolutionNode = FALSE
	EndGlobalSection
	GlobalSection(ExtensibilityGlobals) = postSolution
		SolutionGuid = {3EA9DA4D-6094-4A18-80F3-F16E3D3C5457}
	EndGlobalSection
EndGlobal
